{
  "name": "HHDoctorSDK_demo_wmp",
  "version": "1.0.0",
  "lockfileVersion": 1,
  "requires": true,
  "dependencies": {
    "hhdoctor-wmp-sdk": {
      "version": "0.1.5",
      "resolved": "https://registry.npmjs.org/hhdoctor-wmp-sdk/-/hhdoctor-wmp-sdk-0.1.5.tgz",
      "integrity": "sha512-pabrGqpMNSW57dLUOzE+zrJuPvmeMDMAcoNq4odyBEsp0mNmpM2vuvmUdJDAy7Qks4XvUR0dY1L12YuRDuwxFw=="
    }
  }
}
