{
  "name": "HHDoctorSDK_demo_wmp",
  "version": "1.0.0",
  "lockfileVersion": 1,
  "requires": true,
  "dependencies": {
    "hhdoctor-wmp-sdk": {
      "version": "0.1.12",
      "resolved": "https://registry.npmjs.org/hhdoctor-wmp-sdk/-/hhdoctor-wmp-sdk-0.1.12.tgz",
      "integrity": "sha512-AgLT+TBRGjcjvGeNc4dlws9UXZegcm94pNIuL1VAkrVs5vv32z/15ua5a95aOh8rOp6WYePGjxgr9loUlZ68Zg=="
    }
  }
}
