{
  "name": "HHDoctorSDK_demo_wmp",
  "version": "1.1.2",
  "lockfileVersion": 1,
  "requires": true,
  "dependencies": {
    "hhdoctor-wmp-sdk": {
      "version": "3.0.3",
      "resolved": "https://registry.npmjs.org/hhdoctor-wmp-sdk/-/hhdoctor-wmp-sdk-3.0.3.tgz",
      "integrity": "sha512-jXreumLA89wuu4/2l2kB0a2d4wWK8kBfEB8WD/YHC5vs7RW4eI5D4/QbHzaqgIR6pQ2kQQ2ONmYcWIhVsBbC7g=="
    }
  }
}
